{
  "name": "v2fe-v2a-4-kpn-mobility",
  "version": "1.0.1",
  "lockfileVersion": 3,
  "requires": true,
  "packages": {
    "": {
      "name": "v2fe-v2a-4-kpn-mobility",
      "version": "1.0.1",
      "license": "SEE LICENSE IN LICENSE.md",
      "dependencies": {
        "@vaadin/form-layout": "^23.3.5",
        "@vaadin/grid": "^23.3.5",
        "@vaadin/icon": "^23.3.5",
        "@vaadin/icons": "^23.3.5",
        "@vaadin/password-field": "^23.3.5",
        "@vaadin/router": "^1.7.4",
        "@vaadin/text-field": "^23.3.5",
        "@vaadin/vaadin-board": "^23.3.5",
        "@vaadin/vaadin-charts": "^23.3.5",
        "@vaadin/vaadin-grid": "^5.7.14",
        "@vaadin/vertical-layout": "^23.3.5",
        "json-reader-writer": "^1.0.4",
        "lit": "^2.6.1",
        "zero-md": "^2.4.0"
      },
      "devDependencies": {
        "vite": "^4.0.4"
      }
    },
    "node_modules/@esbuild/win32-x64": {
      "version": "0.16.10",
      "resolved": "https://registry.npmjs.org/@esbuild/win32-x64/-/win32-x64-0.16.10.tgz",
      "integrity": "sha512-qddWullt3sC1EIpfHvCRBq3H4g3L86DZpD6n8k2XFjFVyp01D++uNbN1hT/JRsHxTbyyemZcpwL5aRlJwc/zFw==",
      "cpu": [
        "x64"
      ],
      "dev": true,
      "optional": true,
      "os": [
        "win32"
      ],
      "engines": {
        "node": ">=12"
      }
    },
    "node_modules/@jridgewell/gen-mapping": {
      "version": "0.3.2",
      "resolved": "https://registry.npmjs.org/@jridgewell/gen-mapping/-/gen-mapping-0.3.2.tgz",
      "integrity": "sha512-mh65xKQAzI6iBcFzwv28KVWSmCkdRBWoOh+bYQGW3+6OZvbbN3TqMGo5hqYxQniRcH9F2VZIoJCm4pa3BPDK/A==",
      "dev": true,
      "optional": true,
      "peer": true,
      "dependencies": {
        "@jridgewell/set-array": "^1.0.1",
        "@jridgewell/sourcemap-codec": "^1.4.10",
        "@jridgewell/trace-mapping": "^0.3.9"
      },
      "engines": {
        "node": ">=6.0.0"
      }
    },
    "node_modules/@jridgewell/resolve-uri": {
      "version": "3.1.0",
      "resolved": "https://registry.npmjs.org/@jridgewell/resolve-uri/-/resolve-uri-3.1.0.tgz",
      "integrity": "sha512-F2msla3tad+Mfht5cJq7LSXcdudKTWCVYUgw6pLFOOHSTtZlj6SWNYAp+AhuqLmWdBO2X5hPrLcu8cVP8fy28w==",
      "dev": true,
      "optional": true,
      "peer": true,
      "engines": {
        "node": ">=6.0.0"
      }
    },
    "node_modules/@jridgewell/set-array": {
      "version": "1.1.2",
      "resolved": "https://registry.npmjs.org/@jridgewell/set-array/-/set-array-1.1.2.tgz",
      "integrity": "sha512-xnkseuNADM0gt2bs+BvhO0p78Mk762YnZdsuzFV018NoG1Sj1SCQvpSqa7XUaTam5vAGasABV9qXASMKnFMwMw==",
      "dev": true,
      "optional": true,
      "peer": true,
      "engines": {
        "node": ">=6.0.0"
      }
    },
    "node_modules/@jridgewell/source-map": {
      "version": "0.3.2",
      "resolved": "https://registry.npmjs.org/@jridgewell/source-map/-/source-map-0.3.2.tgz",
      "integrity": "sha512-m7O9o2uR8k2ObDysZYzdfhb08VuEml5oWGiosa1VdaPZ/A6QyPkAJuwN0Q1lhULOf6B7MtQmHENS743hWtCrgw==",
      "dev": true,
      "optional": true,
      "peer": true,
      "dependencies": {
        "@jridgewell/gen-mapping": "^0.3.0",
        "@jridgewell/trace-mapping": "^0.3.9"
      }
    },
    "node_modules/@jridgewell/sourcemap-codec": {
      "version": "1.4.14",
      "resolved": "https://registry.npmjs.org/@jridgewell/sourcemap-codec/-/sourcemap-codec-1.4.14.tgz",
      "integrity": "sha512-XPSJHWmi394fuUuzDnGz1wiKqWfo1yXecHQMRf2l6hztTO+nPru658AyDngaBe7isIxEkRsPR3FZh+s7iVa4Uw==",
      "dev": true,
      "optional": true,
      "peer": true
    },
    "node_modules/@jridgewell/trace-mapping": {
      "version": "0.3.17",
      "resolved": "https://registry.npmjs.org/@jridgewell/trace-mapping/-/trace-mapping-0.3.17.tgz",
      "integrity": "sha512-MCNzAp77qzKca9+W/+I0+sEpaUnZoeasnghNeVc41VZCEKaCH73Vq3BZZ/SzWIgrqE4H4ceI+p+b6C0mHf9T4g==",
      "dev": true,
      "optional": true,
      "peer": true,
      "dependencies": {
        "@jridgewell/resolve-uri": "3.1.0",
        "@jridgewell/sourcemap-codec": "1.4.14"
      }
    },
    "node_modules/@lit-labs/ssr-dom-shim": {
      "version": "1.0.0",
      "resolved": "https://registry.npmjs.org/@lit-labs/ssr-dom-shim/-/ssr-dom-shim-1.0.0.tgz",
      "integrity": "sha512-ic93MBXfApIFTrup4a70M/+ddD8xdt2zxxj9sRwHQzhS9ag/syqkD8JPdTXsc1gUy2K8TTirhlCqyTEM/sifNw=="
    },
    "node_modules/@lit/reactive-element": {
      "version": "1.6.1",
      "resolved": "https://registry.npmjs.org/@lit/reactive-element/-/reactive-element-1.6.1.tgz",
      "integrity": "sha512-va15kYZr7KZNNPZdxONGQzpUr+4sxVu7V/VG7a8mRfPPXUyhEYj5RzXCQmGrlP3tAh0L3HHm5AjBMFYRqlM9SA==",
      "dependencies": {
        "@lit-labs/ssr-dom-shim": "^1.0.0"
      }
    },
    "node_modules/@open-wc/dedupe-mixin": {
      "version": "1.3.1",
      "resolved": "https://registry.npmjs.org/@open-wc/dedupe-mixin/-/dedupe-mixin-1.3.1.tgz",
      "integrity": "sha512-ukowSvzpZQDUH0Y3znJTsY88HkiGk3Khc0WGpIPhap1xlerieYi27QBg6wx/nTurpWfU6XXXsx9ocxDYCdtw0Q=="
    },
    "node_modules/@polymer/iron-a11y-announcer": {
      "version": "3.2.0",
      "resolved": "https://registry.npmjs.org/@polymer/iron-a11y-announcer/-/iron-a11y-announcer-3.2.0.tgz",
      "integrity": "sha512-We+hyaFHcg7Ke8ovsoxUpYEXFIJLHxMCDaLehTB4dELS+C+K0zMnGSiqQvb/YzGS+nSYpAfkQIyg1msOCdHMtA==",
      "dependencies": {
        "@polymer/polymer": "^3.0.0"
      }
    },
    "node_modules/@polymer/iron-a11y-keys-behavior": {
      "version": "3.0.1",
      "resolved": "https://registry.npmjs.org/@polymer/iron-a11y-keys-behavior/-/iron-a11y-keys-behavior-3.0.1.tgz",
      "integrity": "sha512-lnrjKq3ysbBPT/74l0Fj0U9H9C35Tpw2C/tpJ8a+5g8Y3YJs1WSZYnEl1yOkw6sEyaxOq/1DkzH0+60gGu5/PQ==",
      "dependencies": {
        "@polymer/polymer": "^3.0.0"
      }
    },
    "node_modules/@polymer/iron-flex-layout": {
      "version": "3.0.1",
      "resolved": "https://registry.npmjs.org/@polymer/iron-flex-layout/-/iron-flex-layout-3.0.1.tgz",
      "integrity": "sha512-7gB869czArF+HZcPTVSgvA7tXYFze9EKckvM95NB7SqYF+NnsQyhoXgKnpFwGyo95lUjUW9TFDLUwDXnCYFtkw==",
      "dependencies": {
        "@polymer/polymer": "^3.0.0"
      }
    },
    "node_modules/@polymer/iron-icon": {
      "version": "3.0.1",
      "resolved": "https://registry.npmjs.org/@polymer/iron-icon/-/iron-icon-3.0.1.tgz",
      "integrity": "sha512-QLPwirk+UPZNaLnMew9VludXA4CWUCenRewgEcGYwdzVgDPCDbXxy6vRJjmweZobMQv/oVLppT2JZtJFnPxX6g==",
      "dependencies": {
        "@polymer/iron-flex-layout": "^3.0.0-pre.26",
        "@polymer/iron-meta": "^3.0.0-pre.26",
        "@polymer/polymer": "^3.0.0"
      }
    },
    "node_modules/@polymer/iron-iconset-svg": {
      "version": "3.0.1",
      "resolved": "https://registry.npmjs.org/@polymer/iron-iconset-svg/-/iron-iconset-svg-3.0.1.tgz",
      "integrity": "sha512-XNwURbNHRw6u2fJe05O5fMYye6GSgDlDqCO+q6K1zAnKIrpgZwf2vTkBd5uCcZwsN0FyCB3mvNZx4jkh85dRDw==",
      "dependencies": {
        "@polymer/iron-meta": "^3.0.0-pre.26",
        "@polymer/polymer": "^3.0.0"
      }
    },
    "node_modules/@polymer/iron-meta": {
      "version": "3.0.1",
      "resolved": "https://registry.npmjs.org/@polymer/iron-meta/-/iron-meta-3.0.1.tgz",
      "integrity": "sha512-pWguPugiLYmWFV9UWxLWzZ6gm4wBwQdDy4VULKwdHCqR7OP7u98h+XDdGZsSlDPv6qoryV/e3tGHlTIT0mbzJA==",
      "dependencies": {
        "@polymer/polymer": "^3.0.0"
      }
    },
    "node_modules/@polymer/iron-resizable-behavior": {
      "version": "3.0.1",
      "resolved": "https://registry.npmjs.org/@polymer/iron-resizable-behavior/-/iron-resizable-behavior-3.0.1.tgz",
      "integrity": "sha512-FyHxRxFspVoRaeZSWpT3y0C9awomb4tXXolIJcZ7RvXhMP632V5lez+ch5G5SwK0LpnAPkg35eB0LPMFv+YMMQ==",
      "dependencies": {
        "@polymer/polymer": "^3.0.0"
      }
    },
    "node_modules/@polymer/iron-scroll-target-behavior": {
      "version": "3.0.1",
      "resolved": "https://registry.npmjs.org/@polymer/iron-scroll-target-behavior/-/iron-scroll-target-behavior-3.0.1.tgz",
      "integrity": "sha512-xg1WanG25BIkQE8rhuReqY9zx1K5M7F+YAIYpswEp5eyDIaZ1Y3vUmVeQ3KG+hiSugzI1M752azXN7kvyhOBcQ==",
      "dependencies": {
        "@polymer/polymer": "^3.0.0"
      }
    },
    "node_modules/@polymer/polymer": {
      "version": "3.5.1",
      "resolved": "https://registry.npmjs.org/@polymer/polymer/-/polymer-3.5.1.tgz",
      "integrity": "sha512-JlAHuy+1qIC6hL1ojEUfIVD58fzTpJAoCxFwV5yr0mYTXV1H8bz5zy0+rC963Cgr9iNXQ4T9ncSjC2fkF9BQfw==",
      "dependencies": {
        "@webcomponents/shadycss": "^1.9.1"
      }
    },
    "node_modules/@types/node": {
      "version": "18.0.6",
      "resolved": "https://registry.npmjs.org/@types/node/-/node-18.0.6.tgz",
      "integrity": "sha512-/xUq6H2aQm261exT6iZTMifUySEt4GR5KX8eYyY+C4MSNPqSh9oNIP7tz2GLKTlFaiBbgZNxffoR3CVRG+cljw==",
      "dev": true,
      "optional": true,
      "peer": true
    },
    "node_modules/@types/trusted-types": {
      "version": "2.0.2",
      "resolved": "https://registry.npmjs.org/@types/trusted-types/-/trusted-types-2.0.2.tgz",
      "integrity": "sha512-F5DIZ36YVLE+PN+Zwws4kJogq47hNgX3Nx6WyDJ3kcplxyke3XIzB8uK5n/Lpm1HBsbGzd6nmGehL8cPekP+Tg=="
    },
    "node_modules/@vaadin/board": {
      "version": "23.3.5",
      "resolved": "https://registry.npmjs.org/@vaadin/board/-/board-23.3.5.tgz",
      "integrity": "sha512-j/my3GZiqJDhsn0gl0QEMg9DoWFzUOvPEOVjNM7gokxb53IWe81VAzRJ0VdiYUHR7xzAWl1cZBzD+d5zW/exbQ==",
      "dependencies": {
        "@polymer/polymer": "^3.0.0",
        "@vaadin/component-base": "~23.3.5"
      }
    },
    "node_modules/@vaadin/button": {
      "version": "23.3.5",
      "resolved": "https://registry.npmjs.org/@vaadin/button/-/button-23.3.5.tgz",
      "integrity": "sha512-dRqIYl5wD77OPjBRaBufEGXITIVIfyGgnsjW7G6IjfeYYdJwepV+kb7GPmMnnGJojp02yPKhJI6EA5YmyfTyew==",
      "dependencies": {
        "@open-wc/dedupe-mixin": "^1.3.0",
        "@polymer/polymer": "^3.0.0",
        "@vaadin/component-base": "~23.3.5",
        "@vaadin/vaadin-lumo-styles": "~23.3.5",
        "@vaadin/vaadin-material-styles": "~23.3.5",
        "@vaadin/vaadin-themable-mixin": "~23.3.5"
      }
    },
    "node_modules/@vaadin/charts": {
      "version": "23.3.5",
      "resolved": "https://registry.npmjs.org/@vaadin/charts/-/charts-23.3.5.tgz",
      "integrity": "sha512-aRLSErkRaDfq+FGcz5ju3TJ5na/nezMAPkA3Ecuu8iw1ZxVEcG1nZeEbK00MfDRnYB4b2CaRPOkJBsOLyIAwDA==",
      "dependencies": {
        "@polymer/polymer": "^3.0.0",
        "@vaadin/component-base": "~23.3.5",
        "@vaadin/vaadin-lumo-styles": "~23.3.5",
        "@vaadin/vaadin-material-styles": "~23.3.5",
        "@vaadin/vaadin-themable-mixin": "~23.3.5",
        "highcharts": "9.2.2"
      }
    },
    "node_modules/@vaadin/checkbox": {
      "version": "23.3.5",
      "resolved": "https://registry.npmjs.org/@vaadin/checkbox/-/checkbox-23.3.5.tgz",
      "integrity": "sha512-+2mQ0BRqbf/ASxubJ2+m65vutPSsVzZu4W97R78REw8gnR6nv4itcVm4/p3O6eOqZHKpBd3fI0mwVGvMW61+ow==",
      "dependencies": {
        "@polymer/polymer": "^3.0.0",
        "@vaadin/component-base": "~23.3.5",
        "@vaadin/field-base": "~23.3.5",
        "@vaadin/vaadin-lumo-styles": "~23.3.5",
        "@vaadin/vaadin-material-styles": "~23.3.5",
        "@vaadin/vaadin-themable-mixin": "~23.3.5"
      }
    },
    "node_modules/@vaadin/component-base": {
      "version": "23.3.5",
      "resolved": "https://registry.npmjs.org/@vaadin/component-base/-/component-base-23.3.5.tgz",
      "integrity": "sha512-9I3DmXWiyeRqy/P793Y8zAu9HCj6opr1C1Rt5JQgSqAoOH/Rs7Z1H+N2YKcaa3rmVIVqlur4PtDZb/CnEgSOMg==",
      "dependencies": {
        "@open-wc/dedupe-mixin": "^1.3.0",
        "@polymer/polymer": "^3.0.0",
        "@vaadin/vaadin-development-mode-detector": "^2.0.0",
        "@vaadin/vaadin-usage-statistics": "^2.1.0",
        "lit": "^2.0.0"
      }
    },
    "node_modules/@vaadin/field-base": {
      "version": "23.3.5",
      "resolved": "https://registry.npmjs.org/@vaadin/field-base/-/field-base-23.3.5.tgz",
      "integrity": "sha512-PqZX9zY1RVxZCdQ9cT02CKQY69KW4PWMTHXrerhyK29Zy2a+InQOVE0uwjs9GEChAo85TL3YrVw4DDnBz1ruvA==",
      "dependencies": {
        "@open-wc/dedupe-mixin": "^1.3.0",
        "@polymer/polymer": "^3.0.0",
        "@vaadin/component-base": "~23.3.5",
        "lit": "^2.0.0"
      }
    },
    "node_modules/@vaadin/form-layout": {
      "version": "23.3.5",
      "resolved": "https://registry.npmjs.org/@vaadin/form-layout/-/form-layout-23.3.5.tgz",
      "integrity": "sha512-o1gAkp27MnVeztNcyNWkUaebPVhO00WSBWD0MQ/Amn2f+pRYRUS9FD09T1po+FXubHQpHTmU50ElDbJnj7vI/A==",
      "dependencies": {
        "@polymer/polymer": "^3.0.0",
        "@vaadin/component-base": "~23.3.5",
        "@vaadin/vaadin-lumo-styles": "~23.3.5",
        "@vaadin/vaadin-material-styles": "~23.3.5",
        "@vaadin/vaadin-themable-mixin": "~23.3.5"
      }
    },
    "node_modules/@vaadin/grid": {
      "version": "23.3.5",
      "resolved": "https://registry.npmjs.org/@vaadin/grid/-/grid-23.3.5.tgz",
      "integrity": "sha512-6wnHiZB1qz3Ebmm2hkBM1Q3qqiAxsEiNOSnPKCLAAABbFzoVyxZZe8hc+qn/agA5qGLv6mMj0DyET0OvnG4ZFQ==",
      "dependencies": {
        "@open-wc/dedupe-mixin": "^1.3.0",
        "@polymer/polymer": "^3.0.0",
        "@vaadin/checkbox": "~23.3.5",
        "@vaadin/component-base": "~23.3.5",
        "@vaadin/lit-renderer": "~23.3.5",
        "@vaadin/text-field": "~23.3.5",
        "@vaadin/vaadin-lumo-styles": "~23.3.5",
        "@vaadin/vaadin-material-styles": "~23.3.5",
        "@vaadin/vaadin-themable-mixin": "~23.3.5"
      }
    },
    "node_modules/@vaadin/icon": {
      "version": "23.3.5",
      "resolved": "https://registry.npmjs.org/@vaadin/icon/-/icon-23.3.5.tgz",
      "integrity": "sha512-jIRqTwHaTW3CPdWDxVluxb5PERK8Y74k28sfL7zCSbi2XVt2TjkRFUioraLBseRTZhdCCOn1OEBZ54v8KtiBqA==",
      "dependencies": {
        "@polymer/polymer": "^3.0.0",
        "@vaadin/component-base": "~23.3.5",
        "@vaadin/vaadin-lumo-styles": "~23.3.5",
        "@vaadin/vaadin-themable-mixin": "~23.3.5",
        "lit": "^2.0.0"
      }
    },
    "node_modules/@vaadin/icons": {
      "version": "23.3.5",
      "resolved": "https://registry.npmjs.org/@vaadin/icons/-/icons-23.3.5.tgz",
      "integrity": "sha512-BZHedo5G5t0IlNMhHtRZqcZiqq6yKeRYQP2ayXnHzJHv6ALlIEgjOlguCGRdSAo8EE9Z3HHTo11+6xBN7ybwnQ==",
      "dependencies": {
        "@polymer/iron-icon": "^3.0.0",
        "@polymer/iron-iconset-svg": "^3.0.0",
        "@polymer/polymer": "^3.0.0",
        "@vaadin/icon": "~23.3.5"
      }
    },
    "node_modules/@vaadin/input-container": {
      "version": "23.3.5",
      "resolved": "https://registry.npmjs.org/@vaadin/input-container/-/input-container-23.3.5.tgz",
      "integrity": "sha512-uJf2qKSln9d6OW+M95ZGY6EMOwZFQ9rS7s9AwtC3JaxGusIT8ouU+SoQXAdMr5i+UEdxPczHSheYUx+6jdoYTA==",
      "dependencies": {
        "@polymer/polymer": "^3.0.0",
        "@vaadin/component-base": "~23.3.5",
        "@vaadin/vaadin-lumo-styles": "~23.3.5",
        "@vaadin/vaadin-material-styles": "~23.3.5",
        "@vaadin/vaadin-themable-mixin": "~23.3.5"
      }
    },
    "node_modules/@vaadin/lit-renderer": {
      "version": "23.3.5",
      "resolved": "https://registry.npmjs.org/@vaadin/lit-renderer/-/lit-renderer-23.3.5.tgz",
      "integrity": "sha512-7gV15aHutasPqbbCx+TuUl/+i3uJOl2GLD0rPkuv7gswK6lxEey2hoWWsS1B4WxD109sfC5w+MgoVYq11WIv2Q==",
      "dependencies": {
        "lit": "^2.0.0"
      }
    },
    "node_modules/@vaadin/password-field": {
      "version": "23.3.5",
      "resolved": "https://registry.npmjs.org/@vaadin/password-field/-/password-field-23.3.5.tgz",
      "integrity": "sha512-VJlghzJGVmwzBI+vMad2ivScK0bemGcxWtiMYdZc+k1uQQEgSB8q/1S9fQzh8GM4T7DOjrAyRyyowScTupTJHg==",
      "dependencies": {
        "@polymer/polymer": "^3.0.0",
        "@vaadin/button": "~23.3.5",
        "@vaadin/component-base": "~23.3.5",
        "@vaadin/text-field": "~23.3.5",
        "@vaadin/vaadin-lumo-styles": "~23.3.5",
        "@vaadin/vaadin-material-styles": "~23.3.5",
        "@vaadin/vaadin-themable-mixin": "~23.3.5"
      }
    },
    "node_modules/@vaadin/router": {
      "version": "1.7.4",
      "resolved": "https://registry.npmjs.org/@vaadin/router/-/router-1.7.4.tgz",
      "integrity": "sha512-B4JVtzFVUMlsjuJHNXEMfNZrM4QDrdeOMc6EEigiHYxwF82py6yDdP6SWP0aPoP3f6aQHt51tLWdXSpkKpWf7A==",
      "dependencies": {
        "@vaadin/vaadin-usage-statistics": "^2.1.0",
        "path-to-regexp": "2.4.0"
      }
    },
    "node_modules/@vaadin/text-field": {
      "version": "23.3.5",
      "resolved": "https://registry.npmjs.org/@vaadin/text-field/-/text-field-23.3.5.tgz",
      "integrity": "sha512-Akkn2TkGTlxIrwxb7nPSUT9M3zBysIVBfwrIy+PCuu4BJtrYmtAiuTn4QwgBSvz7jh8PZkVnCftt5edJ6NCerA==",
      "dependencies": {
        "@polymer/polymer": "^3.0.0",
        "@vaadin/component-base": "~23.3.5",
        "@vaadin/field-base": "~23.3.5",
        "@vaadin/input-container": "~23.3.5",
        "@vaadin/vaadin-lumo-styles": "~23.3.5",
        "@vaadin/vaadin-material-styles": "~23.3.5",
        "@vaadin/vaadin-themable-mixin": "~23.3.5"
      }
    },
    "node_modules/@vaadin/vaadin-board": {
      "version": "23.3.5",
      "resolved": "https://registry.npmjs.org/@vaadin/vaadin-board/-/vaadin-board-23.3.5.tgz",
      "integrity": "sha512-sjshyDmYLnTEOBRb6eB1Q4u3WMKN9VxxpArQuyvdR/8xbdfNPBBiiVyyRNguATvHrvaFAC2TP1Nz3z2IhJznDA==",
      "dependencies": {
        "@vaadin/board": "~23.3.5"
      }
    },
    "node_modules/@vaadin/vaadin-charts": {
      "version": "23.3.5",
      "resolved": "https://registry.npmjs.org/@vaadin/vaadin-charts/-/vaadin-charts-23.3.5.tgz",
      "integrity": "sha512-DnuB/mEWZ3uQfJohhWipSuQUwmpZNTR1CGZj74PErRBkqa+EZ1M/bRWILpw0NQolJGbG/u8tyGBj1aX1ophGLQ==",
      "dependencies": {
        "@vaadin/charts": "~23.3.5"
      }
    },
    "node_modules/@vaadin/vaadin-checkbox": {
      "version": "2.5.1",
      "resolved": "https://registry.npmjs.org/@vaadin/vaadin-checkbox/-/vaadin-checkbox-2.5.1.tgz",
      "integrity": "sha512-Y7GfhOmZPJvAudda7SqCkXaYwC0bUwqyIW9D+P/KjTECKuvwxLaQSl2PssWv0q2ZMk5JV9I2d1ABz8y8r/qb7g==",
      "dependencies": {
        "@polymer/polymer": "^3.0.0",
        "@vaadin/vaadin-control-state-mixin": "^2.2.1",
        "@vaadin/vaadin-element-mixin": "^2.4.1",
        "@vaadin/vaadin-lumo-styles": "^1.4.1",
        "@vaadin/vaadin-material-styles": "^1.2.0",
        "@vaadin/vaadin-themable-mixin": "^1.6.1"
      }
    },
    "node_modules/@vaadin/vaadin-checkbox/node_modules/@vaadin/vaadin-lumo-styles": {
      "version": "1.6.1",
      "resolved": "https://registry.npmjs.org/@vaadin/vaadin-lumo-styles/-/vaadin-lumo-styles-1.6.1.tgz",
      "integrity": "sha512-Yh9ZcekpY7byXP1QJnfx94rVvK71xHBEspsVV7LL7YMvqXU4EAYuzQGYsljryV4PGS9PFPD6sqbGqhEkIhHPnQ==",
      "dependencies": {
        "@polymer/iron-icon": "^3.0.0",
        "@polymer/iron-iconset-svg": "^3.0.0",
        "@polymer/polymer": "^3.0.0"
      }
    },
    "node_modules/@vaadin/vaadin-checkbox/node_modules/@vaadin/vaadin-material-styles": {
      "version": "1.3.2",
      "resolved": "https://registry.npmjs.org/@vaadin/vaadin-material-styles/-/vaadin-material-styles-1.3.2.tgz",
      "integrity": "sha512-EFrvGScoxhLNrPnWtT2Ia77whjF2TD4jrcyeh1jv9joCA2n5SUba+4XJciVSGmopqqQato6lwRnZSvMLJX7cyw==",
      "dependencies": {
        "@polymer/polymer": "^3.0.0"
      }
    },
    "node_modules/@vaadin/vaadin-checkbox/node_modules/@vaadin/vaadin-themable-mixin": {
      "version": "1.6.2",
      "resolved": "https://registry.npmjs.org/@vaadin/vaadin-themable-mixin/-/vaadin-themable-mixin-1.6.2.tgz",
      "integrity": "sha512-PZZOZnke3KUlZsDrRVbWxAGEeFBPRyRayNRCvip0XnQK+Zs3cLuRgdgbdro3Ir9LZ3Izsw6HqA6XNMKffEP67A==",
      "dependencies": {
        "@polymer/polymer": "^3.0.0",
        "lit-element": "^2.0.0"
      }
    },
    "node_modules/@vaadin/vaadin-checkbox/node_modules/lit-element": {
      "version": "2.5.1",
      "resolved": "https://registry.npmjs.org/lit-element/-/lit-element-2.5.1.tgz",
      "integrity": "sha512-ogu7PiJTA33bEK0xGu1dmaX5vhcRjBXCFexPja0e7P7jqLhTpNKYRPmE+GmiCaRVAbiQKGkUgkh/i6+bh++dPQ==",
      "dependencies": {
        "lit-html": "^1.1.1"
      }
    },
    "node_modules/@vaadin/vaadin-checkbox/node_modules/lit-html": {
      "version": "1.4.1",
      "resolved": "https://registry.npmjs.org/lit-html/-/lit-html-1.4.1.tgz",
      "integrity": "sha512-B9btcSgPYb1q4oSOb/PrOT6Z/H+r6xuNzfH4lFli/AWhYwdtrgQkQWBbIc6mdnf6E2IL3gDXdkkqNktpU0OZQA=="
    },
    "node_modules/@vaadin/vaadin-control-state-mixin": {
      "version": "2.2.6",
      "resolved": "https://registry.npmjs.org/@vaadin/vaadin-control-state-mixin/-/vaadin-control-state-mixin-2.2.6.tgz",
      "integrity": "sha512-3edQSooBoHVC3RexL6hi3/26HMGvG1jlxLq6ffH9c+GapuZ9zh6E2KyZa/Sz1jmLZwfZII7exgwkHhEYUZZrJA==",
      "dependencies": {
        "@polymer/polymer": "^3.0.0"
      }
    },
    "node_modules/@vaadin/vaadin-development-mode-detector": {
      "version": "2.0.5",
      "resolved": "https://registry.npmjs.org/@vaadin/vaadin-development-mode-detector/-/vaadin-development-mode-detector-2.0.5.tgz",
      "integrity": "sha512-miirBQw10UHjKwRv29iZniXCo41cLg3wFotoyTeUZ2PTGIDk/fZVFr4Q4WVKZrp3D15878vz94nNQROSmPLjdg=="
    },
    "node_modules/@vaadin/vaadin-element-mixin": {
      "version": "2.4.2",
      "resolved": "https://registry.npmjs.org/@vaadin/vaadin-element-mixin/-/vaadin-element-mixin-2.4.2.tgz",
      "integrity": "sha512-VSDVK0XUsFe/RohpwSzQwgqb2Pwpok6sDNhIDS4CARr3HPhq2voMzT/FowFbkEy0J1hFtN/ZfC7tkv3kdEKKIQ==",
      "dependencies": {
        "@polymer/polymer": "^3.0.0",
        "@vaadin/vaadin-development-mode-detector": "^2.0.0",
        "@vaadin/vaadin-usage-statistics": "^2.1.0"
      }
    },
    "node_modules/@vaadin/vaadin-grid": {
      "version": "5.7.14",
      "resolved": "https://registry.npmjs.org/@vaadin/vaadin-grid/-/vaadin-grid-5.7.14.tgz",
      "integrity": "sha512-VCtzWEGRroj64wWQNbc5qdlz/S7iPvrFDTHQZ8OWq6AwchTrqbtuu7B2fikgojv8rnspxstXFKj92z7qFfqX3w==",
      "dependencies": {
        "@polymer/iron-a11y-announcer": "^3.0.0",
        "@polymer/iron-a11y-keys-behavior": "^3.0.0",
        "@polymer/iron-resizable-behavior": "^3.0.0",
        "@polymer/iron-scroll-target-behavior": "^3.0.0",
        "@polymer/polymer": "^3.0.0",
        "@vaadin/vaadin-checkbox": "^2.4.0",
        "@vaadin/vaadin-element-mixin": "^2.4.1",
        "@vaadin/vaadin-lumo-styles": "^1.6.0",
        "@vaadin/vaadin-material-styles": "^1.3.2",
        "@vaadin/vaadin-text-field": "^2.7.0",
        "@vaadin/vaadin-themable-mixin": "^1.6.1"
      }
    },
    "node_modules/@vaadin/vaadin-grid/node_modules/@vaadin/vaadin-lumo-styles": {
      "version": "1.6.1",
      "resolved": "https://registry.npmjs.org/@vaadin/vaadin-lumo-styles/-/vaadin-lumo-styles-1.6.1.tgz",
      "integrity": "sha512-Yh9ZcekpY7byXP1QJnfx94rVvK71xHBEspsVV7LL7YMvqXU4EAYuzQGYsljryV4PGS9PFPD6sqbGqhEkIhHPnQ==",
      "dependencies": {
        "@polymer/iron-icon": "^3.0.0",
        "@polymer/iron-iconset-svg": "^3.0.0",
        "@polymer/polymer": "^3.0.0"
      }
    },
    "node_modules/@vaadin/vaadin-grid/node_modules/@vaadin/vaadin-material-styles": {
      "version": "1.3.2",
      "resolved": "https://registry.npmjs.org/@vaadin/vaadin-material-styles/-/vaadin-material-styles-1.3.2.tgz",
      "integrity": "sha512-EFrvGScoxhLNrPnWtT2Ia77whjF2TD4jrcyeh1jv9joCA2n5SUba+4XJciVSGmopqqQato6lwRnZSvMLJX7cyw==",
      "dependencies": {
        "@polymer/polymer": "^3.0.0"
      }
    },
    "node_modules/@vaadin/vaadin-grid/node_modules/@vaadin/vaadin-themable-mixin": {
      "version": "1.6.2",
      "resolved": "https://registry.npmjs.org/@vaadin/vaadin-themable-mixin/-/vaadin-themable-mixin-1.6.2.tgz",
      "integrity": "sha512-PZZOZnke3KUlZsDrRVbWxAGEeFBPRyRayNRCvip0XnQK+Zs3cLuRgdgbdro3Ir9LZ3Izsw6HqA6XNMKffEP67A==",
      "dependencies": {
        "@polymer/polymer": "^3.0.0",
        "lit-element": "^2.0.0"
      }
    },
    "node_modules/@vaadin/vaadin-grid/node_modules/lit-element": {
      "version": "2.5.1",
      "resolved": "https://registry.npmjs.org/lit-element/-/lit-element-2.5.1.tgz",
      "integrity": "sha512-ogu7PiJTA33bEK0xGu1dmaX5vhcRjBXCFexPja0e7P7jqLhTpNKYRPmE+GmiCaRVAbiQKGkUgkh/i6+bh++dPQ==",
      "dependencies": {
        "lit-html": "^1.1.1"
      }
    },
    "node_modules/@vaadin/vaadin-grid/node_modules/lit-html": {
      "version": "1.4.1",
      "resolved": "https://registry.npmjs.org/lit-html/-/lit-html-1.4.1.tgz",
      "integrity": "sha512-B9btcSgPYb1q4oSOb/PrOT6Z/H+r6xuNzfH4lFli/AWhYwdtrgQkQWBbIc6mdnf6E2IL3gDXdkkqNktpU0OZQA=="
    },
    "node_modules/@vaadin/vaadin-lumo-styles": {
      "version": "23.3.5",
      "resolved": "https://registry.npmjs.org/@vaadin/vaadin-lumo-styles/-/vaadin-lumo-styles-23.3.5.tgz",
      "integrity": "sha512-Dd6kJO+2o65fWJYCBqGZv/A0ELl62BdkeMd9rCPULVRtXBLAliVmMwAq8byK8ytUuCIVa03XSWdltkWJc+KCpw==",
      "dependencies": {
        "@polymer/iron-icon": "^3.0.0",
        "@polymer/iron-iconset-svg": "^3.0.0",
        "@polymer/polymer": "^3.0.0",
        "@vaadin/icon": "~23.3.5",
        "@vaadin/vaadin-themable-mixin": "~23.3.5"
      }
    },
    "node_modules/@vaadin/vaadin-material-styles": {
      "version": "23.3.5",
      "resolved": "https://registry.npmjs.org/@vaadin/vaadin-material-styles/-/vaadin-material-styles-23.3.5.tgz",
      "integrity": "sha512-7iqLsRux6sk3hVmylXoD29mVI3QoRm50rx/H5mVoqn2N/Ox9U8b0K7kqCd6vbTUcPoa4svg24PhvEF5fCMNGFg==",
      "dependencies": {
        "@polymer/polymer": "^3.0.0",
        "@vaadin/vaadin-themable-mixin": "~23.3.5"
      }
    },
    "node_modules/@vaadin/vaadin-text-field": {
      "version": "2.9.2",
      "resolved": "https://registry.npmjs.org/@vaadin/vaadin-text-field/-/vaadin-text-field-2.9.2.tgz",
      "integrity": "sha512-2srIvwE/zZBUeiuzkl6Ais7DRkSEFXRejgew3HTwbRNnPtQDaqHfMLcp8ijIkPHM4ZxHqi4gKuJrTL9acPCMTA==",
      "dependencies": {
        "@polymer/polymer": "^3.0.0",
        "@vaadin/vaadin-control-state-mixin": "^2.2.1",
        "@vaadin/vaadin-element-mixin": "^2.4.1",
        "@vaadin/vaadin-lumo-styles": "^1.6.0",
        "@vaadin/vaadin-material-styles": "^1.3.2",
        "@vaadin/vaadin-themable-mixin": "^1.6.1"
      }
    },
    "node_modules/@vaadin/vaadin-text-field/node_modules/@vaadin/vaadin-lumo-styles": {
      "version": "1.6.1",
      "resolved": "https://registry.npmjs.org/@vaadin/vaadin-lumo-styles/-/vaadin-lumo-styles-1.6.1.tgz",
      "integrity": "sha512-Yh9ZcekpY7byXP1QJnfx94rVvK71xHBEspsVV7LL7YMvqXU4EAYuzQGYsljryV4PGS9PFPD6sqbGqhEkIhHPnQ==",
      "dependencies": {
        "@polymer/iron-icon": "^3.0.0",
        "@polymer/iron-iconset-svg": "^3.0.0",
        "@polymer/polymer": "^3.0.0"
      }
    },
    "node_modules/@vaadin/vaadin-text-field/node_modules/@vaadin/vaadin-material-styles": {
      "version": "1.3.2",
      "resolved": "https://registry.npmjs.org/@vaadin/vaadin-material-styles/-/vaadin-material-styles-1.3.2.tgz",
      "integrity": "sha512-EFrvGScoxhLNrPnWtT2Ia77whjF2TD4jrcyeh1jv9joCA2n5SUba+4XJciVSGmopqqQato6lwRnZSvMLJX7cyw==",
      "dependencies": {
        "@polymer/polymer": "^3.0.0"
      }
    },
    "node_modules/@vaadin/vaadin-text-field/node_modules/@vaadin/vaadin-themable-mixin": {
      "version": "1.6.2",
      "resolved": "https://registry.npmjs.org/@vaadin/vaadin-themable-mixin/-/vaadin-themable-mixin-1.6.2.tgz",
      "integrity": "sha512-PZZOZnke3KUlZsDrRVbWxAGEeFBPRyRayNRCvip0XnQK+Zs3cLuRgdgbdro3Ir9LZ3Izsw6HqA6XNMKffEP67A==",
      "dependencies": {
        "@polymer/polymer": "^3.0.0",
        "lit-element": "^2.0.0"
      }
    },
    "node_modules/@vaadin/vaadin-text-field/node_modules/lit-element": {
      "version": "2.5.1",
      "resolved": "https://registry.npmjs.org/lit-element/-/lit-element-2.5.1.tgz",
      "integrity": "sha512-ogu7PiJTA33bEK0xGu1dmaX5vhcRjBXCFexPja0e7P7jqLhTpNKYRPmE+GmiCaRVAbiQKGkUgkh/i6+bh++dPQ==",
      "dependencies": {
        "lit-html": "^1.1.1"
      }
    },
    "node_modules/@vaadin/vaadin-text-field/node_modules/lit-html": {
      "version": "1.4.1",
      "resolved": "https://registry.npmjs.org/lit-html/-/lit-html-1.4.1.tgz",
      "integrity": "sha512-B9btcSgPYb1q4oSOb/PrOT6Z/H+r6xuNzfH4lFli/AWhYwdtrgQkQWBbIc6mdnf6E2IL3gDXdkkqNktpU0OZQA=="
    },
    "node_modules/@vaadin/vaadin-themable-mixin": {
      "version": "23.3.5",
      "resolved": "https://registry.npmjs.org/@vaadin/vaadin-themable-mixin/-/vaadin-themable-mixin-23.3.5.tgz",
      "integrity": "sha512-ehz9MBb8ld53nIk+d4+9bKa/qqHaDROKL2ExO7AnVYO71Vi+XHbqnFNs72vjTsZ1vyl4S+wIaXcIHoSvUQlxDA==",
      "dependencies": {
        "@open-wc/dedupe-mixin": "^1.3.0",
        "lit": "^2.0.0"
      }
    },
    "node_modules/@vaadin/vaadin-usage-statistics": {
      "version": "2.1.2",
      "resolved": "https://registry.npmjs.org/@vaadin/vaadin-usage-statistics/-/vaadin-usage-statistics-2.1.2.tgz",
      "integrity": "sha512-xKs1PvRfTXsG0eWWcImLXWjv7D+f1vfoIvovppv6pZ5QX8xgcxWUdNgERlOOdGt3CTuxQXukTBW3+Qfva+OXSg==",
      "hasInstallScript": true,
      "dependencies": {
        "@vaadin/vaadin-development-mode-detector": "^2.0.0"
      },
      "engines": {
        "node": "^12.20.0 || ^14.13.1 || >=16.0.0"
      }
    },
    "node_modules/@vaadin/vertical-layout": {
      "version": "23.3.5",
      "resolved": "https://registry.npmjs.org/@vaadin/vertical-layout/-/vertical-layout-23.3.5.tgz",
      "integrity": "sha512-oBvARp/7L4FdepqKSZckS7FWyBipD22fVqItW+pgAjrJx2d2A685s4W6/GyDWvYvc6/X15Lg8Xo9KoEo4q5gOw==",
      "dependencies": {
        "@polymer/polymer": "^3.0.0",
        "@vaadin/component-base": "~23.3.5",
        "@vaadin/vaadin-lumo-styles": "~23.3.5",
        "@vaadin/vaadin-material-styles": "~23.3.5",
        "@vaadin/vaadin-themable-mixin": "~23.3.5"
      }
    },
    "node_modules/@webcomponents/shadycss": {
      "version": "1.11.1",
      "resolved": "https://registry.npmjs.org/@webcomponents/shadycss/-/shadycss-1.11.1.tgz",
      "integrity": "sha512-qSok/oMynEgS99wFY5fKT6cR1y64i01RkHGYOspkh2JQsLSM8pjciER+gu3fqTx589y/7LoSuyB5G9Rh7dyXaQ=="
    },
    "node_modules/acorn": {
      "version": "8.8.1",
      "resolved": "https://registry.npmjs.org/acorn/-/acorn-8.8.1.tgz",
      "integrity": "sha512-7zFpHzhnqYKrkYdUjF1HI1bzd0VygEGX8lFk4k5zVMqHEoES+P+7TKI+EvLO9WVMJ8eekdO0aDEK044xTXwPPA==",
      "dev": true,
      "optional": true,
      "peer": true,
      "bin": {
        "acorn": "bin/acorn"
      },
      "engines": {
        "node": ">=0.4.0"
      }
    },
    "node_modules/buffer-from": {
      "version": "1.1.2",
      "resolved": "https://registry.npmjs.org/buffer-from/-/buffer-from-1.1.2.tgz",
      "integrity": "sha512-E+XQCRwSbaaiChtv6k6Dwgc+bx+Bs6vuKJHHl5kox/BaKbhiXzqQOwK4cO22yElGp2OCmjwVhT3HmxgyPGnJfQ==",
      "dev": true,
      "optional": true,
      "peer": true
    },
    "node_modules/commander": {
      "version": "2.20.3",
      "resolved": "https://registry.npmjs.org/commander/-/commander-2.20.3.tgz",
      "integrity": "sha512-GpVkmM8vF2vQUkj2LvZmD35JxeJOLCwJ9cUkugyk2nuhbv3+mJvpLYYt+0+USMxE+oj+ey/lJEnhZw75x/OMcQ==",
      "dev": true,
      "optional": true,
      "peer": true
    },
    "node_modules/esbuild": {
      "version": "0.16.10",
      "resolved": "https://registry.npmjs.org/esbuild/-/esbuild-0.16.10.tgz",
      "integrity": "sha512-z5dIViHoVnw2l+NCJ3zj5behdXjYvXne9gL18OOivCadXDUhyDkeSvEtLcGVAJW2fNmh33TDUpsi704XYlDodw==",
      "dev": true,
      "hasInstallScript": true,
      "bin": {
        "esbuild": "bin/esbuild"
      },
      "engines": {
        "node": ">=12"
      },
      "optionalDependencies": {
        "@esbuild/android-arm": "0.16.10",
        "@esbuild/android-arm64": "0.16.10",
        "@esbuild/android-x64": "0.16.10",
        "@esbuild/darwin-arm64": "0.16.10",
        "@esbuild/darwin-x64": "0.16.10",
        "@esbuild/freebsd-arm64": "0.16.10",
        "@esbuild/freebsd-x64": "0.16.10",
        "@esbuild/linux-arm": "0.16.10",
        "@esbuild/linux-arm64": "0.16.10",
        "@esbuild/linux-ia32": "0.16.10",
        "@esbuild/linux-loong64": "0.16.10",
        "@esbuild/linux-mips64el": "0.16.10",
        "@esbuild/linux-ppc64": "0.16.10",
        "@esbuild/linux-riscv64": "0.16.10",
        "@esbuild/linux-s390x": "0.16.10",
        "@esbuild/linux-x64": "0.16.10",
        "@esbuild/netbsd-x64": "0.16.10",
        "@esbuild/openbsd-x64": "0.16.10",
        "@esbuild/sunos-x64": "0.16.10",
        "@esbuild/win32-arm64": "0.16.10",
        "@esbuild/win32-ia32": "0.16.10",
        "@esbuild/win32-x64": "0.16.10"
      }
    },
    "node_modules/fsevents": {
      "version": "2.3.2",
      "resolved": "https://registry.npmjs.org/fsevents/-/fsevents-2.3.2.tgz",
      "integrity": "sha512-xiqMQR4xAeHTuB9uWm+fFRcIOgKBMiOBP+eXiyT7jsgVCq1bkVygt00oASowB7EdtpOHaaPgKt812P9ab+DDKA==",
      "dev": true,
      "hasInstallScript": true,
      "optional": true,
      "os": [
        "darwin"
      ],
      "engines": {
        "node": "^8.16.0 || ^10.6.0 || >=11.0.0"
      }
    },
    "node_modules/function-bind": {
      "version": "1.1.1",
      "resolved": "https://registry.npmjs.org/function-bind/-/function-bind-1.1.1.tgz",
      "integrity": "sha512-yIovAzMX49sF8Yl58fSCWJ5svSLuaibPxXQJFLmBObTuCr0Mf1KiPopGM9NiFjiYBCbfaa2Fh6breQ6ANVTI0A==",
      "dev": true
    },
    "node_modules/graceful-fs": {
      "version": "4.2.10",
      "resolved": "https://registry.npmjs.org/graceful-fs/-/graceful-fs-4.2.10.tgz",
      "integrity": "sha512-9ByhssR2fPVsNZj478qUUbKfmL0+t5BDVyjShtyZZLiK7ZDAArFFfopyOTj0M05wE2tJPisA4iTnnXl2YoPvOA=="
    },
    "node_modules/has": {
      "version": "1.0.3",
      "resolved": "https://registry.npmjs.org/has/-/has-1.0.3.tgz",
      "integrity": "sha512-f2dvO0VU6Oej7RkWJGrehjbzMAjFp5/VKPp5tTpWIV4JHHZK1/BxbFRtf/siA2SWTe09caDmVtYYzWEIbBS4zw==",
      "dev": true,
      "dependencies": {
        "function-bind": "^1.1.1"
      },
      "engines": {
        "node": ">= 0.4.0"
      }
    },
    "node_modules/highcharts": {
      "version": "9.2.2",
      "resolved": "https://registry.npmjs.org/highcharts/-/highcharts-9.2.2.tgz",
      "integrity": "sha512-OMEdFCaG626ES1JEcKAvJTpxAOMuchy0XuAplmnOs0Yu7NMd2RMfTLFQ2fCJOxo3ubSdm/RVQwKAWC+5HYThnw=="
    },
    "node_modules/is-core-module": {
      "version": "2.11.0",
      "resolved": "https://registry.npmjs.org/is-core-module/-/is-core-module-2.11.0.tgz",
      "integrity": "sha512-RRjxlvLDkD1YJwDbroBHMb+cukurkDWNyHx7D3oNB5x9rb5ogcksMC5wHCadcXoo67gVr/+3GFySh3134zi6rw==",
      "dev": true,
      "dependencies": {
        "has": "^1.0.3"
      },
      "funding": {
        "url": "https://github.com/sponsors/ljharb"
      }
    },
    "node_modules/json-reader-writer": {
      "version": "1.0.4",
      "resolved": "https://registry.npmjs.org/json-reader-writer/-/json-reader-writer-1.0.4.tgz",
      "integrity": "sha512-bxHgtP7GjMe3ECT2FKwDoJG+7B/lBoBUJ3c6AG2IBMcREqzfENRJJ/GATUr/5A4O5Z6w4ykQUSVpaZtX7aND5g==",
      "dependencies": {
        "graceful-fs": "^4.1.15"
      }
    },
    "node_modules/lit": {
      "version": "2.6.1",
      "resolved": "https://registry.npmjs.org/lit/-/lit-2.6.1.tgz",
      "integrity": "sha512-DT87LD64f8acR7uVp7kZfhLRrHkfC/N4BVzAtnw9Yg8087mbBJ//qedwdwX0kzDbxgPccWRW6mFwGbRQIxy0pw==",
      "dependencies": {
        "@lit/reactive-element": "^1.6.0",
        "lit-element": "^3.2.0",
        "lit-html": "^2.6.0"
      }
    },
    "node_modules/lit-element": {
      "version": "3.2.2",
      "resolved": "https://registry.npmjs.org/lit-element/-/lit-element-3.2.2.tgz",
      "integrity": "sha512-6ZgxBR9KNroqKb6+htkyBwD90XGRiqKDHVrW/Eh0EZ+l+iC+u+v+w3/BA5NGi4nizAVHGYvQBHUDuSmLjPp7NQ==",
      "dependencies": {
        "@lit/reactive-element": "^1.3.0",
        "lit-html": "^2.2.0"
      }
    },
    "node_modules/lit-html": {
      "version": "2.6.1",
      "resolved": "https://registry.npmjs.org/lit-html/-/lit-html-2.6.1.tgz",
      "integrity": "sha512-Z3iw+E+3KKFn9t2YKNjsXNEu/LRLI98mtH/C6lnFg7kvaqPIzPn124Yd4eT/43lyqrejpc5Wb6BHq3fdv4S8Rw==",
      "dependencies": {
        "@types/trusted-types": "^2.0.2"
      }
    },
    "node_modules/nanoid": {
      "version": "3.3.4",
      "resolved": "https://registry.npmjs.org/nanoid/-/nanoid-3.3.4.tgz",
      "integrity": "sha512-MqBkQh/OHTS2egovRtLk45wEyNXwF+cokD+1YPf9u5VfJiRdAiRwB2froX5Co9Rh20xs4siNPm8naNotSD6RBw==",
      "dev": true,
      "bin": {
        "nanoid": "bin/nanoid.cjs"
      },
      "engines": {
        "node": "^10 || ^12 || ^13.7 || ^14 || >=15.0.1"
      }
    },
    "node_modules/path-parse": {
      "version": "1.0.7",
      "resolved": "https://registry.npmjs.org/path-parse/-/path-parse-1.0.7.tgz",
      "integrity": "sha512-LDJzPVEEEPR+y48z93A0Ed0yXb8pAByGWo/k5YYdYgpY2/2EsOsksJrq7lOHxryrVOn1ejG6oAp8ahvOIQD8sw==",
      "dev": true
    },
    "node_modules/path-to-regexp": {
      "version": "2.4.0",
      "resolved": "https://registry.npmjs.org/path-to-regexp/-/path-to-regexp-2.4.0.tgz",
      "integrity": "sha512-G6zHoVqC6GGTQkZwF4lkuEyMbVOjoBKAEybQUypI1WTkqinCOrq2x6U2+phkJ1XsEMTy4LjtwPI7HW+NVrRR2w=="
    },
    "node_modules/picocolors": {
      "version": "1.0.0",
      "resolved": "https://registry.npmjs.org/picocolors/-/picocolors-1.0.0.tgz",
      "integrity": "sha512-1fygroTLlHu66zi26VoTDv8yRgm0Fccecssto+MhsZ0D/DGW2sm8E8AjW7NU5VVTRt5GxbeZ5qBuJr+HyLYkjQ==",
      "dev": true
    },
    "node_modules/postcss": {
      "version": "8.4.20",
      "resolved": "https://registry.npmjs.org/postcss/-/postcss-8.4.20.tgz",
      "integrity": "sha512-6Q04AXR1212bXr5fh03u8aAwbLxAQNGQ/Q1LNa0VfOI06ZAlhPHtQvE4OIdpj4kLThXilalPnmDSOD65DcHt+g==",
      "dev": true,
      "funding": [
        {
          "type": "opencollective",
          "url": "https://opencollective.com/postcss/"
        },
        {
          "type": "tidelift",
          "url": "https://tidelift.com/funding/github/npm/postcss"
        }
      ],
      "dependencies": {
        "nanoid": "^3.3.4",
        "picocolors": "^1.0.0",
        "source-map-js": "^1.0.2"
      },
      "engines": {
        "node": "^10 || ^12 || >=14"
      }
    },
    "node_modules/resolve": {
      "version": "1.22.1",
      "resolved": "https://registry.npmjs.org/resolve/-/resolve-1.22.1.tgz",
      "integrity": "sha512-nBpuuYuY5jFsli/JIs1oldw6fOQCBioohqWZg/2hiaOybXOft4lonv85uDOKXdf8rhyK159cxU5cDcK/NKk8zw==",
      "dev": true,
      "dependencies": {
        "is-core-module": "^2.9.0",
        "path-parse": "^1.0.7",
        "supports-preserve-symlinks-flag": "^1.0.0"
      },
      "bin": {
        "resolve": "bin/resolve"
      },
      "funding": {
        "url": "https://github.com/sponsors/ljharb"
      }
    },
    "node_modules/source-map": {
      "version": "0.6.1",
      "resolved": "https://registry.npmjs.org/source-map/-/source-map-0.6.1.tgz",
      "integrity": "sha512-UjgapumWlbMhkBgzT7Ykc5YXUT46F0iKu8SGXq0bcwP5dz/h0Plj6enJqjz1Zbq2l5WaqYnrVbwWOWMyF3F47g==",
      "dev": true,
      "optional": true,
      "peer": true,
      "engines": {
        "node": ">=0.10.0"
      }
    },
    "node_modules/source-map-js": {
      "version": "1.0.2",
      "resolved": "https://registry.npmjs.org/source-map-js/-/source-map-js-1.0.2.tgz",
      "integrity": "sha512-R0XvVJ9WusLiqTCEiGCmICCMplcCkIwwR11mOSD9CR5u+IXYdiseeEuXCVAjS54zqwkLcPNnmU4OeJ6tUrWhDw==",
      "dev": true,
      "engines": {
        "node": ">=0.10.0"
      }
    },
    "node_modules/source-map-support": {
      "version": "0.5.21",
      "resolved": "https://registry.npmjs.org/source-map-support/-/source-map-support-0.5.21.tgz",
      "integrity": "sha512-uBHU3L3czsIyYXKX88fdrGovxdSCoTGDRZ6SYXtSRxLZUzHg5P/66Ht6uoUlHu9EZod+inXhKo3qQgwXUT/y1w==",
      "dev": true,
      "optional": true,
      "peer": true,
      "dependencies": {
        "buffer-from": "^1.0.0",
        "source-map": "^0.6.0"
      }
    },
    "node_modules/supports-preserve-symlinks-flag": {
      "version": "1.0.0",
      "resolved": "https://registry.npmjs.org/supports-preserve-symlinks-flag/-/supports-preserve-symlinks-flag-1.0.0.tgz",
      "integrity": "sha512-ot0WnXS9fgdkgIcePe6RHNk1WA8+muPa6cSjeR3V8K27q9BB1rTE3R1p7Hv0z1ZyAc8s6Vvv8DIyWf681MAt0w==",
      "dev": true,
      "engines": {
        "node": ">= 0.4"
      },
      "funding": {
        "url": "https://github.com/sponsors/ljharb"
      }
    },
    "node_modules/terser": {
      "version": "5.16.1",
      "resolved": "https://registry.npmjs.org/terser/-/terser-5.16.1.tgz",
      "integrity": "sha512-xvQfyfA1ayT0qdK47zskQgRZeWLoOQ8JQ6mIgRGVNwZKdQMU+5FkCBjmv4QjcrTzyZquRw2FVtlJSRUmMKQslw==",
      "dev": true,
      "optional": true,
      "peer": true,
      "dependencies": {
        "@jridgewell/source-map": "^0.3.2",
        "acorn": "^8.5.0",
        "commander": "^2.20.0",
        "source-map-support": "~0.5.20"
      },
      "bin": {
        "terser": "bin/terser"
      },
      "engines": {
        "node": ">=10"
      }
    },
    "node_modules/vite": {
      "version": "4.0.4",
      "resolved": "https://registry.npmjs.org/vite/-/vite-4.0.4.tgz",
      "integrity": "sha512-xevPU7M8FU0i/80DMR+YhgrzR5KS2ORy1B4xcX/cXLsvnUWvfHuqMmVU6N0YiJ4JWGRJJsLCgjEzKjG9/GKoSw==",
      "dev": true,
      "dependencies": {
        "esbuild": "^0.16.3",
        "postcss": "^8.4.20",
        "resolve": "^1.22.1",
        "rollup": "^3.7.0"
      },
      "bin": {
        "vite": "bin/vite.js"
      },
      "engines": {
        "node": "^14.18.0 || >=16.0.0"
      },
      "optionalDependencies": {
        "fsevents": "~2.3.2"
      },
      "peerDependencies": {
        "@types/node": ">= 14",
        "less": "*",
        "sass": "*",
        "stylus": "*",
        "sugarss": "*",
        "terser": "^5.4.0"
      },
      "peerDependenciesMeta": {
        "@types/node": {
          "optional": true
        },
        "less": {
          "optional": true
        },
        "sass": {
          "optional": true
        },
        "stylus": {
          "optional": true
        },
        "sugarss": {
          "optional": true
        },
        "terser": {
          "optional": true
        }
      }
    },
    "node_modules/vite/node_modules/rollup": {
      "version": "3.9.1",
      "resolved": "https://registry.npmjs.org/rollup/-/rollup-3.9.1.tgz",
      "integrity": "sha512-GswCYHXftN8ZKGVgQhTFUJB/NBXxrRGgO2NCy6E8s1rwEJ4Q9/VttNqcYfEvx4dTo4j58YqdC3OVztPzlKSX8w==",
      "dev": true,
      "bin": {
        "rollup": "dist/bin/rollup"
      },
      "engines": {
        "node": ">=14.18.0",
        "npm": ">=8.0.0"
      },
      "optionalDependencies": {
        "fsevents": "~2.3.2"
      }
    },
    "node_modules/zero-md": {
      "version": "2.4.0",
      "resolved": "https://registry.npmjs.org/zero-md/-/zero-md-2.4.0.tgz",
      "integrity": "sha512-flU6nSaKJLQllrF+vKCDNbOdMZ2Cm9dgF3qOKEK/8ChjP0+4pjOK/W55EJ4A+d3hMsBVjowHYktB8uuXfGASYw==",
      "engines": {
        "node": "^12.20.0 || ^14.13.1 || >=16.0.0"
      }
    }
  }
}
